{
  "name": "accords-library-scripts",
  "version": "0.1.0",
  "lockfileVersion": 2,
  "requires": true,
  "packages": {
    "": {
      "name": "accords-library-scripts",
      "version": "0.1.0",
      "license": "MIT",
      "dependencies": {
        "dotenv": "^16.0.3",
        "envsafe": "^2.0.3"
      },
      "engines": {
        "node": ">=18.13.0"
      }
    },
    "node_modules/dotenv": {
      "version": "16.0.3",
      "resolved": "https://registry.npmjs.org/dotenv/-/dotenv-16.0.3.tgz",
      "integrity": "sha512-7GO6HghkA5fYG9TYnNxi14/7K9f5occMlp3zXAuSxn7CKCxt9xbNWG7yF8hTCSUchlfWSe3uLmlPfigevRItzQ==",
      "engines": {
        "node": ">=12"
      }
    },
    "node_modules/envsafe": {
      "version": "2.0.3",
      "resolved": "https://registry.npmjs.org/envsafe/-/envsafe-2.0.3.tgz",
      "integrity": "sha512-51lek8h5btjXhXUDW//Pno7HPydM1WQzltOb1/ONRKdwB2QkfAURnN4Qn0cJ5LzGvX2Km1ReR2O3K3Bqq9sBMg==",
      "engines": {
        "node": ">=10"
      }
    }
  },
  "dependencies": {
    "dotenv": {
      "version": "16.0.3",
      "resolved": "https://registry.npmjs.org/dotenv/-/dotenv-16.0.3.tgz",
      "integrity": "sha512-7GO6HghkA5fYG9TYnNxi14/7K9f5occMlp3zXAuSxn7CKCxt9xbNWG7yF8hTCSUchlfWSe3uLmlPfigevRItzQ=="
    },
    "envsafe": {
      "version": "2.0.3",
      "resolved": "https://registry.npmjs.org/envsafe/-/envsafe-2.0.3.tgz",
      "integrity": "sha512-51lek8h5btjXhXUDW//Pno7HPydM1WQzltOb1/ONRKdwB2QkfAURnN4Qn0cJ5LzGvX2Km1ReR2O3K3Bqq9sBMg=="
    }
  }
}
